
Microsoft Visual Studio Solution File, Format Version 12.00
# Visual Studio 15
VisualStudioVersion = 15.0.27130.2024
MinimumVisualStudioVersion = 10.0.40219.1
Project("{FAE04EC0-301F-11D3-BF4B-00C04F79EFBC}") = "ReservationBot", "ReservationBot\ReservationBot.csproj", "{BB5F31E5-8DAE-436E-ACCB-81D74ABB1452}"
EndProject
Global
	GlobalSection(SolutionConfigurationPlatforms) = preSolution
		Debug|Any CPU = Debug|Any CPU
		Release|Any CPU = Release|Any CPU
	EndGlobalSection
	GlobalSection(ProjectConfigurationPlatforms) = postSolution
		{BB5F31E5-8DAE-436E-ACCB-81D74ABB1452}.Debug|Any CPU.ActiveCfg = Debug|Any CPU
		{BB5F31E5-8DAE-436E-ACCB-81D74ABB1452}.Debug|Any CPU.Build.0 = Debug|Any CPU
		{BB5F31E5-8DAE-436E-ACCB-81D74ABB1452}.Release|Any CPU.ActiveCfg = Release|Any CPU
		{BB5F31E5-8DAE-436E-ACCB-81D74ABB1452}.Release|Any CPU.Build.0 = Release|Any CPU
	EndGlobalSection
	GlobalSection(SolutionProperties) = preSolution
		HideSolutionNode = FALSE
	EndGlobalSection
	GlobalSection(ExtensibilityGlobals) = postSolution
		SolutionGuid = {F4BEAFB4-C3D9-468B-8764-E4D20D87EEE2}
	EndGlobalSection
EndGlobal
